
Microsoft Visual Studio Solution File, Format Version 12.00
# Visual Studio Version 16
VisualStudioVersion = 16.0.30002.166
MinimumVisualStudioVersion = 10.0.40219.1
Project("{FAE04EC0-301F-11D3-BF4B-00C04F79EFBC}") = "Bank", "Bank.csproj", "{DB026F82-D3E7-43DD-8763-1603D4B1B694}"
EndProject
Global
	GlobalSection(SolutionConfigurationPlatforms) = preSolution
		Debug|Any CPU = Debug|Any CPU
		Release|Any CPU = Release|Any CPU
	EndGlobalSection
	GlobalSection(ProjectConfigurationPlatforms) = postSolution
		{DB026F82-D3E7-43DD-8763-1603D4B1B694}.Debug|Any CPU.ActiveCfg = Debug|Any CPU
		{DB026F82-D3E7-43DD-8763-1603D4B1B694}.Debug|Any CPU.Build.0 = Debug|Any CPU
		{DB026F82-D3E7-43DD-8763-1603D4B1B694}.Release|Any CPU.ActiveCfg = Release|Any CPU
		{DB026F82-D3E7-43DD-8763-1603D4B1B694}.Release|Any CPU.Build.0 = Release|Any CPU
	EndGlobalSection
	GlobalSection(SolutionProperties) = preSolution
		HideSolutionNode = FALSE
	EndGlobalSection
	GlobalSection(ExtensibilityGlobals) = postSolution
		SolutionGuid = {3E75A766-A0FC-4533-AE29-4452F48EAAEB}
	EndGlobalSection
EndGlobal
